// !$*UTF8*$!
{
	archiveVersion = 1;
	classes = {
	};
	objectVersion = 46;
	objects = {

/* Begin PBXBuildFile section */
		C234E3BE2103187500D7E1DE /* CustomSlider.swift in Sources */ = {isa = PBXBuildFile; fileRef = C234E3BD2103187500D7E1DE /* CustomSlider.swift */; };
		C234E3C021031E1F00D7E1DE /* CustomButton.swift in Sources */ = {isa = PBXBuildFile; fileRef = C234E3BF21031E1F00D7E1DE /* CustomButton.swift */; };
		C2AC86E1210203400081B27D /* AppDelegate.swift in Sources */ = {isa = PBXBuildFile; fileRef = C2AC86E0210203400081B27D /* AppDelegate.swift */; };
		C2AC86E3210203400081B27D /* GameVC.swift in Sources */ = {isa = PBXBuildFile; fileRef = C2AC86E2210203400081B27D /* GameVC.swift */; };
		C2AC86E6210203400081B27D /* Main.storyboard in Resources */ = {isa = PBXBuildFile; fileRef = C2AC86E4210203400081B27D /* Main.storyboard */; };
		C2AC86E8210203400081B27D /* Assets.xcassets in Resources */ = {isa = PBXBuildFile; fileRef = C2AC86E7210203400081B27D /* Assets.xcassets */; };
		C2AC86EB210203400081B27D /* LaunchScreen.storyboard in Resources */ = {isa = PBXBuildFile; fileRef = C2AC86E9210203400081B27D /* LaunchScreen.storyboard */; };
		C2E061E421023C0A00586908 /* AboutVC.swift in Sources */ = {isa = PBXBuildFile; fileRef = C2E061E321023C0A00586908 /* AboutVC.swift */; };
/* End PBXBuildFile section */

/* Begin PBXFileReference section */
		C234E3BD2103187500D7E1DE /* CustomSlider.swift */ = {isa = PBXFileReference; fileEncoding = 4; lastKnownFileType = sourcecode.swift; path = CustomSlider.swift; sourceTree = "<group>"; };
		C234E3BF21031E1F00D7E1DE /* CustomButton.swift */ = {isa = PBXFileReference; fileEncoding = 4; lastKnownFileType = sourcecode.swift; path = CustomButton.swift; sourceTree = "<group>"; };
		C2AC86DD210203400081B27D /* BullsEye.app */ = {isa = PBXFileReference; explicitFileType = wrapper.application; includeInIndex = 0; path = BullsEye.app; sourceTree = BUILT_PRODUCTS_DIR; };
		C2AC86E0210203400081B27D /* AppDelegate.swift */ = {isa = PBXFileReference; lastKnownFileType = sourcecode.swift; path = AppDelegate.swift; sourceTree = "<group>"; };
		C2AC86E2210203400081B27D /* GameVC.swift */ = {isa = PBXFileReference; lastKnownFileType = sourcecode.swift; path = GameVC.swift; sourceTree = "<group>"; };
		C2AC86E5210203400081B27D /* Base */ = {isa = PBXFileReference; lastKnownFileType = file.storyboard; name = Base; path = Base.lproj/Main.storyboard; sourceTree = "<group>"; };
		C2AC86E7210203400081B27D /* Assets.xcassets */ = {isa = PBXFileReference; lastKnownFileType = folder.assetcatalog; path = Assets.xcassets; sourceTree = "<group>"; };
		C2AC86EA210203400081B27D /* Base */ = {isa = PBXFileReference; lastKnownFileType = file.storyboard; name = Base; path = Base.lproj/LaunchScreen.storyboard; sourceTree = "<group>"; };
		C2AC86EC210203400081B27D /* Info.plist */ = {isa = PBXFileReference; lastKnownFileType = text.plist.xml; path = Info.plist; sourceTree = "<group>"; };
		C2E061E321023C0A00586908 /* AboutVC.swift */ = {isa = PBXFileReference; fileEncoding = 4; lastKnownFileType = sourcecode.swift; path = AboutVC.swift; sourceTree = "<group>"; };
/* End PBXFileReference section */

/* Begin PBXFrameworksBuildPhase section */
		C2AC86DA210203400081B27D /* Frameworks */ = {
			isa = PBXFrameworksBuildPhase;
			buildActionMask = 2147483647;
			files = (
			);
			runOnlyForDeploymentPostprocessing = 0;
		};
/* End PBXFrameworksBuildPhase section */

/* Begin PBXGroup section */
		C2AC86D4210203400081B27D = {
			isa = PBXGroup;
			children = (
				C2AC86DF210203400081B27D /* BullsEye */,
				C2AC86DE210203400081B27D /* Products */,
			);
			sourceTree = "<group>";
		};
		C2AC86DE210203400081B27D /* Products */ = {
			isa = PBXGroup;
			children = (
				C2AC86DD210203400081B27D /* BullsEye.app */,
			);
			name = Products;
			sourceTree = "<group>";
		};
		C2AC86DF210203400081B27D /* BullsEye */ = {
			isa = PBXGroup;
			children = (
				C2B02A3321032A3C007648C4 /* Controller */,
				C2B02A3221032A34007648C4 /* View */,
				C2B02A3121032A25007648C4 /* Model */,
				C2B02A3421032A46007648C4 /* Supports */,
			);
			path = BullsEye;
			sourceTree = "<group>";
		};
		C2B02A3121032A25007648C4 /* Model */ = {
			isa = PBXGroup;
			children = (
			);
			name = Model;
			sourceTree = "<group>";
		};
		C2B02A3221032A34007648C4 /* View */ = {
			isa = PBXGroup;
			children = (
				C2AC86E4210203400081B27D /* Main.storyboard */,
				C2AC86E9210203400081B27D /* LaunchScreen.storyboard */,
				C234E3BD2103187500D7E1DE /* CustomSlider.swift */,
				C234E3BF21031E1F00D7E1DE /* CustomButton.swift */,
			);
			name = View;
			sourceTree = "<group>";
		};
		C2B02A3321032A3C007648C4 /* Controller */ = {
			isa = PBXGroup;
			children = (
				C2AC86E0210203400081B27D /* AppDelegate.swift */,
				C2AC86E2210203400081B27D /* GameVC.swift */,
				C2E061E321023C0A00586908 /* AboutVC.swift */,
			);
			name = Controller;
			sourceTree = "<group>";
		};
		C2B02A3421032A46007648C4 /* Supports */ = {
			isa = PBXGroup;
			children = (
				C2AC86E7210203400081B27D /* Assets.xcassets */,
				C2AC86EC210203400081B27D /* Info.plist */,
			);
			name = Supports;
			sourceTree = "<group>";
		};
/* End PBXGroup section */

/* Begin PBXNativeTarget section */
		C2AC86DC210203400081B27D /* BullsEye */ = {
			isa = PBXNativeTarget;
			buildConfigurationList = C2AC86EF210203400081B27D /* Build configuration list for PBXNativeTarget "BullsEye" */;
			buildPhases = (
				C2AC86D9210203400081B27D /* Sources */,
				C2AC86DA210203400081B27D /* Frameworks */,
				C2AC86DB210203400081B27D /* Resources */,
			);
			buildRules = (
			);
			dependencies = (
			);
			name = BullsEye;
			productName = BullsEye;
			productReference = C2AC86DD210203400081B27D /* BullsEye.app */;
			productType = "com.apple.product-type.application";
		};
/* End PBXNativeTarget section */

/* Begin PBXProject section */
		C2AC86D5210203400081B27D /* Project object */ = {
			isa = PBXProject;
			attributes = {
				LastSwiftUpdateCheck = 0830;
				LastUpgradeCheck = 0830;
				ORGANIZATIONNAME = "Yasmine Ghazy";
				TargetAttributes = {
					C2AC86DC210203400081B27D = {
						CreatedOnToolsVersion = 8.3.3;
						DevelopmentTeam = M3HL88T3M4;
						ProvisioningStyle = Automatic;
					};
				};
			};
			buildConfigurationList = C2AC86D8210203400081B27D /* Build configuration list for PBXProject "BullsEye" */;
			compatibilityVersion = "Xcode 3.2";
			developmentRegion = English;
			hasScannedForEncodings = 0;
			knownRegions = (
				en,
				Base,
			);
			mainGroup = C2AC86D4210203400081B27D;
			productRefGroup = C2AC86DE210203400081B27D /* Products */;
			projectDirPath = "";
			projectRoot = "";
			targets = (
				C2AC86DC210203400081B27D /* BullsEye */,
			);
		};
/* End PBXProject section */

/* Begin PBXResourcesBuildPhase section */
		C2AC86DB210203400081B27D /* Resources */ = {
			isa = PBXResourcesBuildPhase;
			buildActionMask = 2147483647;
			files = (
				C2AC86EB210203400081B27D /* LaunchScreen.storyboard in Resources */,
				C2AC86E8210203400081B27D /* Assets.xcassets in Resources */,
				C2AC86E6210203400081B27D /* Main.storyboard in Resources */,
			);
			runOnlyForDeploymentPostprocessing = 0;
		};
/* End PBXResourcesBuildPhase section */

/* Begin PBXSourcesBuildPhase section */
		C2AC86D9210203400081B27D /* Sources */ = {
			isa = PBXSourcesBuildPhase;
			buildActionMask = 2147483647;
			files = (
				C2AC86E3210203400081B27D /* GameVC.swift in Sources */,
				C2AC86E1210203400081B27D /* AppDelegate.swift in Sources */,
				C2E061E421023C0A00586908 /* AboutVC.swift in Sources */,
				C234E3BE2103187500D7E1DE /* CustomSlider.swift in Sources */,
				C234E3C021031E1F00D7E1DE /* CustomButton.swift in Sources */,
			);
			runOnlyForDeploymentPostprocessing = 0;
		};
/* End PBXSourcesBuildPhase section */

/* Begin PBXVariantGroup section */
		C2AC86E4210203400081B27D /* Main.storyboard */ = {
			isa = PBXVariantGroup;
			children = (
				C2AC86E5210203400081B27D /* Base */,
			);
			name = Main.storyboard;
			sourceTree = "<group>";
		};
		C2AC86E9210203400081B27D /* LaunchScreen.storyboard */ = {
			isa = PBXVariantGroup;
			children = (
				C2AC86EA210203400081B27D /* Base */,
			);
			name = LaunchScreen.storyboard;
			sourceTree = "<group>";
		};
/* End PBXVariantGroup section */

/* Begin XCBuildConfiguration section */
		C2AC86ED210203400081B27D /* Debug */ = {
			isa = XCBuildConfiguration;
			buildSettings = {
				ALWAYS_SEARCH_USER_PATHS = NO;
				CLANG_ANALYZER_NONNULL = YES;
				CLANG_ANALYZER_NUMBER_OBJECT_CONVERSION = YES_AGGRESSIVE;
				CLANG_CXX_LANGUAGE_STANDARD = "gnu++0x";
				CLANG_CXX_LIBRARY = "libc++";
				CLANG_ENABLE_MODULES = YES;
				CLANG_ENABLE_OBJC_ARC = YES;
				CLANG_WARN_BOOL_CONVERSION = YES;
				CLANG_WARN_CONSTANT_CONVERSION = YES;
				CLANG_WARN_DIRECT_OBJC_ISA_USAGE = YES_ERROR;
				CLANG_WARN_DOCUMENTATION_COMMENTS = YES;
				CLANG_WARN_EMPTY_BODY = YES;
				CLANG_WARN_ENUM_CONVERSION = YES;
				CLANG_WARN_INFINITE_RECURSION = YES;
				CLANG_WARN_INT_CONVERSION = YES;
				CLANG_WARN_OBJC_ROOT_CLASS = YES_ERROR;
				CLANG_WARN_SUSPICIOUS_MOVE = YES;
				CLANG_WARN_UNREACHABLE_CODE = YES;
				CLANG_WARN__DUPLICATE_METHOD_MATCH = YES;
				"CODE_SIGN_IDENTITY[sdk=iphoneos*]" = "iPhone Developer";
				COPY_PHASE_STRIP = NO;
				DEBUG_INFORMATION_FORMAT = dwarf;
				ENABLE_STRICT_OBJC_MSGSEND = YES;
				ENABLE_TESTABILITY = YES;
				GCC_C_LANGUAGE_STANDARD = gnu99;
				GCC_DYNAMIC_NO_PIC = NO;
				GCC_NO_COMMON_BLOCKS = YES;
				GCC_OPTIMIZATION_LEVEL = 0;
				GCC_PREPROCESSOR_DEFINITIONS = (
					"DEBUG=1",
					"$(inherited)",
				);
				GCC_WARN_64_TO_32_BIT_CONVERSION = YES;
				GCC_WARN_ABOUT_RETURN_TYPE = YES_ERROR;
				GCC_WARN_UNDECLARED_SELECTOR = YES;
				GCC_WARN_UNINITIALIZED_AUTOS = YES_AGGRESSIVE;
				GCC_WARN_UNUSED_FUNCTION = YES;
				GCC_WARN_UNUSED_VARIABLE = YES;
				IPHONEOS_DEPLOYMENT_TARGET = 10.3;
				MTL_ENABLE_DEBUG_INFO = YES;
				ONLY_ACTIVE_ARCH = YES;
				SDKROOT = iphoneos;
				SWIFT_ACTIVE_COMPILATION_CONDITIONS = DEBUG;
				SWIFT_OPTIMIZATION_LEVEL = "-Onone";
				TARGETED_DEVICE_FAMILY = "1,2";
			};
			name = Debug;
		};
		C2AC86EE210203400081B27D /* Release */ = {
			isa = XCBuildConfiguration;
			buildSettings = {
				ALWAYS_SEARCH_USER_PATHS = NO;
				CLANG_ANALYZER_NONNULL = YES;
				CLANG_ANALYZER_NUMBER_OBJECT_CONVERSION = YES_AGGRESSIVE;
				CLANG_CXX_LANGUAGE_STANDARD = "gnu++0x";
				CLANG_CXX_LIBRARY = "libc++";
				CLANG_ENABLE_MODULES = YES;
				CLANG_ENABLE_OBJC_ARC = YES;
				CLANG_WARN_BOOL_CONVERSION = YES;
				CLANG_WARN_CONSTANT_CONVERSION = YES;
				CLANG_WARN_DIRECT_OBJC_ISA_USAGE = YES_ERROR;
				CLANG_WARN_DOCUMENTATION_COMMENTS = YES;
				CLANG_WARN_EMPTY_BODY = YES;
				CLANG_WARN_ENUM_CONVERSION = YES;
				CLANG_WARN_INFINITE_RECURSION = YES;
				CLANG_WARN_INT_CONVERSION = YES;
				CLANG_WARN_OBJC_ROOT_CLASS = YES_ERROR;
				CLANG_WARN_SUSPICIOUS_MOVE = YES;
				CLANG_WARN_UNREACHABLE_CODE = YES;
				CLANG_WARN__DUPLICATE_METHOD_MATCH = YES;
				"CODE_SIGN_IDENTITY[sdk=iphoneos*]" = "iPhone Developer";
				COPY_PHASE_STRIP = NO;
				DEBUG_INFORMATION_FORMAT = "dwarf-with-dsym";
				ENABLE_NS_ASSERTIONS = NO;
				ENABLE_STRICT_OBJC_MSGSEND = YES;
				GCC_C_LANGUAGE_STANDARD = gnu99;
				GCC_NO_COMMON_BLOCKS = YES;
				GCC_WARN_64_TO_32_BIT_CONVERSION = YES;
				GCC_WARN_ABOUT_RETURN_TYPE = YES_ERROR;
				GCC_WARN_UNDECLARED_SELECTOR = YES;
				GCC_WARN_UNINITIALIZED_AUTOS = YES_AGGRESSIVE;
				GCC_WARN_UNUSED_FUNCTION = YES;
				GCC_WARN_UNUSED_VARIABLE = YES;
				IPHONEOS_DEPLOYMENT_TARGET = 10.3;
				MTL_ENABLE_DEBUG_INFO = NO;
				SDKROOT = iphoneos;
				SWIFT_OPTIMIZATION_LEVEL = "-Owholemodule";
				TARGETED_DEVICE_FAMILY = "1,2";
				VALIDATE_PRODUCT = YES;
			};
			name = Release;
		};
		C2AC86F0210203400081B27D /* Debug */ = {
			isa = XCBuildConfiguration;
			buildSettings = {
				ASSETCATALOG_COMPILER_APPICON_NAME = AppIcon;
				DEVELOPMENT_TEAM = M3HL88T3M4;
				INFOPLIST_FILE = BullsEye/Info.plist;
				LD_RUNPATH_SEARCH_PATHS = "$(inherited) @executable_path/Frameworks";
				PRODUCT_BUNDLE_IDENTIFIER = ITI.BullsEye;
				PRODUCT_NAME = "$(TARGET_NAME)";
				SWIFT_VERSION = 3.0;
			};
			name = Debug;
		};
		C2AC86F1210203400081B27D /* Release */ = {
			isa = XCBuildConfiguration;
			buildSettings = {
				ASSETCATALOG_COMPILER_APPICON_NAME = AppIcon;
				DEVELOPMENT_TEAM = M3HL88T3M4;
				INFOPLIST_FILE = BullsEye/Info.plist;
				LD_RUNPATH_SEARCH_PATHS = "$(inherited) @executable_path/Frameworks";
				PRODUCT_BUNDLE_IDENTIFIER = ITI.BullsEye;
				PRODUCT_NAME = "$(TARGET_NAME)";
				SWIFT_VERSION = 3.0;
			};
			name = Release;
		};
/* End XCBuildConfiguration section */

/* Begin XCConfigurationList section */
		C2AC86D8210203400081B27D /* Build configuration list for PBXProject "BullsEye" */ = {
			isa = XCConfigurationList;
			buildConfigurations = (
				C2AC86ED210203400081B27D /* Debug */,
				C2AC86EE210203400081B27D /* Release */,
			);
			defaultConfigurationIsVisible = 0;
			defaultConfigurationName = Release;
		};
		C2AC86EF210203400081B27D /* Build configuration list for PBXNativeTarget "BullsEye" */ = {
			isa = XCConfigurationList;
			buildConfigurations = (
				C2AC86F0210203400081B27D /* Debug */,
				C2AC86F1210203400081B27D /* Release */,
			);
			defaultConfigurationIsVisible = 0;
			defaultConfigurationName = Release;
		};
/* End XCConfigurationList section */
	};
	rootObject = C2AC86D5210203400081B27D /* Project object */;
}
